// !$*UTF8*$!
{
	archiveVersion = 1;
	classes = {
	};
	objectVersion = 56;
	objects = {

/* Begin PBXBuildFile section */
		49E9EDB22C5FDAE1002F86F1 /* MediationApp.swift in Sources */ = {isa = PBXBuildFile; fileRef = 49E9EDB12C5FDAE1002F86F1 /* MediationApp.swift */; };
		49E9EDB42C5FDAE1002F86F1 /* ContentView.swift in Sources */ = {isa = PBXBuildFile; fileRef = 49E9EDB32C5FDAE1002F86F1 /* ContentView.swift */; };
		49E9EDB62C5FDAE4002F86F1 /* Assets.xcassets in Resources */ = {isa = PBXBuildFile; fileRef = 49E9EDB52C5FDAE4002F86F1 /* Assets.xcassets */; };
		49E9EDB92C5FDAE4002F86F1 /* Preview Assets.xcassets in Resources */ = {isa = PBXBuildFile; fileRef = 49E9EDB82C5FDAE4002F86F1 /* Preview Assets.xcassets */; };
		49E9EDC02C5FDF27002F86F1 /* MeditationView.swift in Sources */ = {isa = PBXBuildFile; fileRef = 49E9EDBF2C5FDF27002F86F1 /* MeditationView.swift */; };
		49E9EDC22C5FE704002F86F1 /* PlayerView.swift in Sources */ = {isa = PBXBuildFile; fileRef = 49E9EDC12C5FE704002F86F1 /* PlayerView.swift */; };
		49E9EDC42C5FEB11002F86F1 /* PlaybackControlButton.swift in Sources */ = {isa = PBXBuildFile; fileRef = 49E9EDC32C5FEB11002F86F1 /* PlaybackControlButton.swift */; };
		49E9EDC62C60B775002F86F1 /* MeditationViewModel.swift in Sources */ = {isa = PBXBuildFile; fileRef = 49E9EDC52C60B775002F86F1 /* MeditationViewModel.swift */; };
		49E9EDC82C60B96E002F86F1 /* Extensions.swift in Sources */ = {isa = PBXBuildFile; fileRef = 49E9EDC72C60B96E002F86F1 /* Extensions.swift */; };
		49E9EDCA2C60DA3A002F86F1 /* AudioManager.swift in Sources */ = {isa = PBXBuildFile; fileRef = 49E9EDC92C60DA3A002F86F1 /* AudioManager.swift */; };
		49E9EDCC2C60DD44002F86F1 /* fireflies.mp3 in Resources */ = {isa = PBXBuildFile; fileRef = 49E9EDCB2C60DD44002F86F1 /* fireflies.mp3 */; };
/* End PBXBuildFile section */

/* Begin PBXFileReference section */
		49E9EDAE2C5FDAE1002F86F1 /* Meditation.app */ = {isa = PBXFileReference; explicitFileType = wrapper.application; includeInIndex = 0; path = Meditation.app; sourceTree = BUILT_PRODUCTS_DIR; };
		49E9EDB12C5FDAE1002F86F1 /* MediationApp.swift */ = {isa = PBXFileReference; lastKnownFileType = sourcecode.swift; path = MediationApp.swift; sourceTree = "<group>"; };
		49E9EDB32C5FDAE1002F86F1 /* ContentView.swift */ = {isa = PBXFileReference; lastKnownFileType = sourcecode.swift; path = ContentView.swift; sourceTree = "<group>"; };
		49E9EDB52C5FDAE4002F86F1 /* Assets.xcassets */ = {isa = PBXFileReference; lastKnownFileType = folder.assetcatalog; path = Assets.xcassets; sourceTree = "<group>"; };
		49E9EDB82C5FDAE4002F86F1 /* Preview Assets.xcassets */ = {isa = PBXFileReference; lastKnownFileType = folder.assetcatalog; path = "Preview Assets.xcassets"; sourceTree = "<group>"; };
		49E9EDBF2C5FDF27002F86F1 /* MeditationView.swift */ = {isa = PBXFileReference; lastKnownFileType = sourcecode.swift; path = MeditationView.swift; sourceTree = "<group>"; };
		49E9EDC12C5FE704002F86F1 /* PlayerView.swift */ = {isa = PBXFileReference; lastKnownFileType = sourcecode.swift; path = PlayerView.swift; sourceTree = "<group>"; };
		49E9EDC32C5FEB11002F86F1 /* PlaybackControlButton.swift */ = {isa = PBXFileReference; lastKnownFileType = sourcecode.swift; path = PlaybackControlButton.swift; sourceTree = "<group>"; };
		49E9EDC52C60B775002F86F1 /* MeditationViewModel.swift */ = {isa = PBXFileReference; lastKnownFileType = sourcecode.swift; path = MeditationViewModel.swift; sourceTree = "<group>"; };
		49E9EDC72C60B96E002F86F1 /* Extensions.swift */ = {isa = PBXFileReference; lastKnownFileType = sourcecode.swift; path = Extensions.swift; sourceTree = "<group>"; };
		49E9EDC92C60DA3A002F86F1 /* AudioManager.swift */ = {isa = PBXFileReference; lastKnownFileType = sourcecode.swift; path = AudioManager.swift; sourceTree = "<group>"; };
		49E9EDCB2C60DD44002F86F1 /* fireflies.mp3 */ = {isa = PBXFileReference; lastKnownFileType = audio.mp3; path = fireflies.mp3; sourceTree = "<group>"; };
		49E9EDCD2C60E077002F86F1 /* Info.plist */ = {isa = PBXFileReference; lastKnownFileType = text.plist; path = Info.plist; sourceTree = "<group>"; };
/* End PBXFileReference section */

/* Begin PBXFrameworksBuildPhase section */
		49E9EDAB2C5FDAE1002F86F1 /* Frameworks */ = {
			isa = PBXFrameworksBuildPhase;
			buildActionMask = 2147483647;
			files = (
			);
			runOnlyForDeploymentPostprocessing = 0;
		};
/* End PBXFrameworksBuildPhase section */

/* Begin PBXGroup section */
		49E9EDA52C5FDAE1002F86F1 = {
			isa = PBXGroup;
			children = (
				49E9EDB02C5FDAE1002F86F1 /* Mediation */,
				49E9EDAF2C5FDAE1002F86F1 /* Products */,
			);
			sourceTree = "<group>";
		};
		49E9EDAF2C5FDAE1002F86F1 /* Products */ = {
			isa = PBXGroup;
			children = (
				49E9EDAE2C5FDAE1002F86F1 /* Meditation.app */,
			);
			name = Products;
			sourceTree = "<group>";
		};
		49E9EDB02C5FDAE1002F86F1 /* Mediation */ = {
			isa = PBXGroup;
			children = (
				49E9EDCD2C60E077002F86F1 /* Info.plist */,
				49E9EDB12C5FDAE1002F86F1 /* MediationApp.swift */,
				49E9EDB32C5FDAE1002F86F1 /* ContentView.swift */,
				49E9EDBF2C5FDF27002F86F1 /* MeditationView.swift */,
				49E9EDC12C5FE704002F86F1 /* PlayerView.swift */,
				49E9EDC32C5FEB11002F86F1 /* PlaybackControlButton.swift */,
				49E9EDC52C60B775002F86F1 /* MeditationViewModel.swift */,
				49E9EDC92C60DA3A002F86F1 /* AudioManager.swift */,
				49E9EDC72C60B96E002F86F1 /* Extensions.swift */,
				49E9EDB52C5FDAE4002F86F1 /* Assets.xcassets */,
				49E9EDCB2C60DD44002F86F1 /* fireflies.mp3 */,
				49E9EDB72C5FDAE4002F86F1 /* Preview Content */,
			);
			path = Mediation;
			sourceTree = "<group>";
		};
		49E9EDB72C5FDAE4002F86F1 /* Preview Content */ = {
			isa = PBXGroup;
			children = (
				49E9EDB82C5FDAE4002F86F1 /* Preview Assets.xcassets */,
			);
			path = "Preview Content";
			sourceTree = "<group>";
		};
/* End PBXGroup section */

/* Begin PBXNativeTarget section */
		49E9EDAD2C5FDAE1002F86F1 /* Meditation */ = {
			isa = PBXNativeTarget;
			buildConfigurationList = 49E9EDBC2C5FDAE4002F86F1 /* Build configuration list for PBXNativeTarget "Meditation" */;
			buildPhases = (
				49E9EDAA2C5FDAE1002F86F1 /* Sources */,
				49E9EDAB2C5FDAE1002F86F1 /* Frameworks */,
				49E9EDAC2C5FDAE1002F86F1 /* Resources */,
			);
			buildRules = (
			);
			dependencies = (
			);
			name = Meditation;
			productName = Mediation;
			productReference = 49E9EDAE2C5FDAE1002F86F1 /* Meditation.app */;
			productType = "com.apple.product-type.application";
		};
/* End PBXNativeTarget section */

/* Begin PBXProject section */
		49E9EDA62C5FDAE1002F86F1 /* Project object */ = {
			isa = PBXProject;
			attributes = {
				BuildIndependentTargetsInParallel = 1;
				LastSwiftUpdateCheck = 1540;
				LastUpgradeCheck = 1540;
				TargetAttributes = {
					49E9EDAD2C5FDAE1002F86F1 = {
						CreatedOnToolsVersion = 15.4;
					};
				};
			};
			buildConfigurationList = 49E9EDA92C5FDAE1002F86F1 /* Build configuration list for PBXProject "Meditation" */;
			compatibilityVersion = "Xcode 14.0";
			developmentRegion = en;
			hasScannedForEncodings = 0;
			knownRegions = (
				en,
				Base,
			);
			mainGroup = 49E9EDA52C5FDAE1002F86F1;
			productRefGroup = 49E9EDAF2C5FDAE1002F86F1 /* Products */;
			projectDirPath = "";
			projectRoot = "";
			targets = (
				49E9EDAD2C5FDAE1002F86F1 /* Meditation */,
			);
		};
/* End PBXProject section */

/* Begin PBXResourcesBuildPhase section */
		49E9EDAC2C5FDAE1002F86F1 /* Resources */ = {
			isa = PBXResourcesBuildPhase;
			buildActionMask = 2147483647;
			files = (
				49E9EDB92C5FDAE4002F86F1 /* Preview Assets.xcassets in Resources */,
				49E9EDB62C5FDAE4002F86F1 /* Assets.xcassets in Resources */,
				49E9EDCC2C60DD44002F86F1 /* fireflies.mp3 in Resources */,
			);
			runOnlyForDeploymentPostprocessing = 0;
		};
/* End PBXResourcesBuildPhase section */

/* Begin PBXSourcesBuildPhase section */
		49E9EDAA2C5FDAE1002F86F1 /* Sources */ = {
			isa = PBXSourcesBuildPhase;
			buildActionMask = 2147483647;
			files = (
				49E9EDB42C5FDAE1002F86F1 /* ContentView.swift in Sources */,
				49E9EDC02C5FDF27002F86F1 /* MeditationView.swift in Sources */,
				49E9EDCA2C60DA3A002F86F1 /* AudioManager.swift in Sources */,
				49E9EDC42C5FEB11002F86F1 /* PlaybackControlButton.swift in Sources */,
				49E9EDB22C5FDAE1002F86F1 /* MediationApp.swift in Sources */,
				49E9EDC62C60B775002F86F1 /* MeditationViewModel.swift in Sources */,
				49E9EDC22C5FE704002F86F1 /* PlayerView.swift in Sources */,
				49E9EDC82C60B96E002F86F1 /* Extensions.swift in Sources */,
			);
			runOnlyForDeploymentPostprocessing = 0;
		};
/* End PBXSourcesBuildPhase section */

/* Begin XCBuildConfiguration section */
		49E9EDBA2C5FDAE4002F86F1 /* Debug */ = {
			isa = XCBuildConfiguration;
			buildSettings = {
				ALWAYS_SEARCH_USER_PATHS = NO;
				ASSETCATALOG_COMPILER_GENERATE_SWIFT_ASSET_SYMBOL_EXTENSIONS = YES;
				CLANG_ANALYZER_NONNULL = YES;
				CLANG_ANALYZER_NUMBER_OBJECT_CONVERSION = YES_AGGRESSIVE;
				CLANG_CXX_LANGUAGE_STANDARD = "gnu++20";
				CLANG_ENABLE_MODULES = YES;
				CLANG_ENABLE_OBJC_ARC = YES;
				CLANG_ENABLE_OBJC_WEAK = YES;
				CLANG_WARN_BLOCK_CAPTURE_AUTORELEASING = YES;
				CLANG_WARN_BOOL_CONVERSION = YES;
				CLANG_WARN_COMMA = YES;
				CLANG_WARN_CONSTANT_CONVERSION = YES;
				CLANG_WARN_DEPRECATED_OBJC_IMPLEMENTATIONS = YES;
				CLANG_WARN_DIRECT_OBJC_ISA_USAGE = YES_ERROR;
				CLANG_WARN_DOCUMENTATION_COMMENTS = YES;
				CLANG_WARN_EMPTY_BODY = YES;
				CLANG_WARN_ENUM_CONVERSION = YES;
				CLANG_WARN_INFINITE_RECURSION = YES;
				CLANG_WARN_INT_CONVERSION = YES;
				CLANG_WARN_NON_LITERAL_NULL_CONVERSION = YES;
				CLANG_WARN_OBJC_IMPLICIT_RETAIN_SELF = YES;
				CLANG_WARN_OBJC_LITERAL_CONVERSION = YES;
				CLANG_WARN_OBJC_ROOT_CLASS = YES_ERROR;
				CLANG_WARN_QUOTED_INCLUDE_IN_FRAMEWORK_HEADER = YES;
				CLANG_WARN_RANGE_LOOP_ANALYSIS = YES;
				CLANG_WARN_STRICT_PROTOTYPES = YES;
				CLANG_WARN_SUSPICIOUS_MOVE = YES;
				CLANG_WARN_UNGUARDED_AVAILABILITY = YES_AGGRESSIVE;
				CLANG_WARN_UNREACHABLE_CODE = YES;
				CLANG_WARN__DUPLICATE_METHOD_MATCH = YES;
				COPY_PHASE_STRIP = NO;
				DEBUG_INFORMATION_FORMAT = dwarf;
				ENABLE_STRICT_OBJC_MSGSEND = YES;
				ENABLE_TESTABILITY = YES;
				ENABLE_USER_SCRIPT_SANDBOXING = YES;
				GCC_C_LANGUAGE_STANDARD = gnu17;
				GCC_DYNAMIC_NO_PIC = NO;
				GCC_NO_COMMON_BLOCKS = YES;
				GCC_OPTIMIZATION_LEVEL = 0;
				GCC_PREPROCESSOR_DEFINITIONS = (
					"DEBUG=1",
					"$(inherited)",
				);
				GCC_WARN_64_TO_32_BIT_CONVERSION = YES;
				GCC_WARN_ABOUT_RETURN_TYPE = YES_ERROR;
				GCC_WARN_UNDECLARED_SELECTOR = YES;
				GCC_WARN_UNINITIALIZED_AUTOS = YES_AGGRESSIVE;
				GCC_WARN_UNUSED_FUNCTION = YES;
				GCC_WARN_UNUSED_VARIABLE = YES;
				IPHONEOS_DEPLOYMENT_TARGET = 17.5;
				LOCALIZATION_PREFERS_STRING_CATALOGS = YES;
				MTL_ENABLE_DEBUG_INFO = INCLUDE_SOURCE;
				MTL_FAST_MATH = YES;
				ONLY_ACTIVE_ARCH = YES;
				SDKROOT = iphoneos;
				SWIFT_ACTIVE_COMPILATION_CONDITIONS = "DEBUG $(inherited)";
				SWIFT_OPTIMIZATION_LEVEL = "-Onone";
			};
			name = Debug;
		};
		49E9EDBB2C5FDAE4002F86F1 /* Release */ = {
			isa = XCBuildConfiguration;
			buildSettings = {
				ALWAYS_SEARCH_USER_PATHS = NO;
				ASSETCATALOG_COMPILER_GENERATE_SWIFT_ASSET_SYMBOL_EXTENSIONS = YES;
				CLANG_ANALYZER_NONNULL = YES;
				CLANG_ANALYZER_NUMBER_OBJECT_CONVERSION = YES_AGGRESSIVE;
				CLANG_CXX_LANGUAGE_STANDARD = "gnu++20";
				CLANG_ENABLE_MODULES = YES;
				CLANG_ENABLE_OBJC_ARC = YES;
				CLANG_ENABLE_OBJC_WEAK = YES;
				CLANG_WARN_BLOCK_CAPTURE_AUTORELEASING = YES;
				CLANG_WARN_BOOL_CONVERSION = YES;
				CLANG_WARN_COMMA = YES;
				CLANG_WARN_CONSTANT_CONVERSION = YES;
				CLANG_WARN_DEPRECATED_OBJC_IMPLEMENTATIONS = YES;
				CLANG_WARN_DIRECT_OBJC_ISA_USAGE = YES_ERROR;
				CLANG_WARN_DOCUMENTATION_COMMENTS = YES;
				CLANG_WARN_EMPTY_BODY = YES;
				CLANG_WARN_ENUM_CONVERSION = YES;
				CLANG_WARN_INFINITE_RECURSION = YES;
				CLANG_WARN_INT_CONVERSION = YES;
				CLANG_WARN_NON_LITERAL_NULL_CONVERSION = YES;
				CLANG_WARN_OBJC_IMPLICIT_RETAIN_SELF = YES;
				CLANG_WARN_OBJC_LITERAL_CONVERSION = YES;
				CLANG_WARN_OBJC_ROOT_CLASS = YES_ERROR;
				CLANG_WARN_QUOTED_INCLUDE_IN_FRAMEWORK_HEADER = YES;
				CLANG_WARN_RANGE_LOOP_ANALYSIS = YES;
				CLANG_WARN_STRICT_PROTOTYPES = YES;
				CLANG_WARN_SUSPICIOUS_MOVE = YES;
				CLANG_WARN_UNGUARDED_AVAILABILITY = YES_AGGRESSIVE;
				CLANG_WARN_UNREACHABLE_CODE = YES;
				CLANG_WARN__DUPLICATE_METHOD_MATCH = YES;
				COPY_PHASE_STRIP = NO;
				DEBUG_INFORMATION_FORMAT = "dwarf-with-dsym";
				ENABLE_NS_ASSERTIONS = NO;
				ENABLE_STRICT_OBJC_MSGSEND = YES;
				ENABLE_USER_SCRIPT_SANDBOXING = YES;
				GCC_C_LANGUAGE_STANDARD = gnu17;
				GCC_NO_COMMON_BLOCKS = YES;
				GCC_WARN_64_TO_32_BIT_CONVERSION = YES;
				GCC_WARN_ABOUT_RETURN_TYPE = YES_ERROR;
				GCC_WARN_UNDECLARED_SELECTOR = YES;
				GCC_WARN_UNINITIALIZED_AUTOS = YES_AGGRESSIVE;
				GCC_WARN_UNUSED_FUNCTION = YES;
				GCC_WARN_UNUSED_VARIABLE = YES;
				IPHONEOS_DEPLOYMENT_TARGET = 17.5;
				LOCALIZATION_PREFERS_STRING_CATALOGS = YES;
				MTL_ENABLE_DEBUG_INFO = NO;
				MTL_FAST_MATH = YES;
				SDKROOT = iphoneos;
				SWIFT_COMPILATION_MODE = wholemodule;
				VALIDATE_PRODUCT = YES;
			};
			name = Release;
		};
		49E9EDBD2C5FDAE4002F86F1 /* Debug */ = {
			isa = XCBuildConfiguration;
			buildSettings = {
				ASSETCATALOG_COMPILER_APPICON_NAME = AppIcon;
				ASSETCATALOG_COMPILER_GLOBAL_ACCENT_COLOR_NAME = AccentColor;
				CODE_SIGN_STYLE = Automatic;
				CURRENT_PROJECT_VERSION = 1;
				DEVELOPMENT_ASSET_PATHS = "\"Mediation/Preview Content\"";
				DEVELOPMENT_TEAM = RGU3N4Q8UU;
				ENABLE_PREVIEWS = YES;
				GENERATE_INFOPLIST_FILE = YES;
				INFOPLIST_FILE = Mediation/Info.plist;
				INFOPLIST_KEY_UIApplicationSceneManifest_Generation = YES;
				INFOPLIST_KEY_UIApplicationSupportsIndirectInputEvents = YES;
				INFOPLIST_KEY_UILaunchScreen_Generation = YES;
				INFOPLIST_KEY_UISupportedInterfaceOrientations_iPad = "UIInterfaceOrientationPortrait UIInterfaceOrientationPortraitUpsideDown UIInterfaceOrientationLandscapeLeft UIInterfaceOrientationLandscapeRight";
				INFOPLIST_KEY_UISupportedInterfaceOrientations_iPhone = "UIInterfaceOrientationPortrait UIInterfaceOrientationLandscapeLeft UIInterfaceOrientationLandscapeRight";
				LD_RUNPATH_SEARCH_PATHS = (
					"$(inherited)",
					"@executable_path/Frameworks",
				);
				MARKETING_VERSION = 1.0;
				PRODUCT_BUNDLE_IDENTIFIER = none.Mediation;
				PRODUCT_NAME = "$(TARGET_NAME)";
				SWIFT_EMIT_LOC_STRINGS = YES;
				SWIFT_VERSION = 5.0;
				TARGETED_DEVICE_FAMILY = "1,2";
			};
			name = Debug;
		};
		49E9EDBE2C5FDAE4002F86F1 /* Release */ = {
			isa = XCBuildConfiguration;
			buildSettings = {
				ASSETCATALOG_COMPILER_APPICON_NAME = AppIcon;
				ASSETCATALOG_COMPILER_GLOBAL_ACCENT_COLOR_NAME = AccentColor;
				CODE_SIGN_STYLE = Automatic;
				CURRENT_PROJECT_VERSION = 1;
				DEVELOPMENT_ASSET_PATHS = "\"Mediation/Preview Content\"";
				DEVELOPMENT_TEAM = RGU3N4Q8UU;
				ENABLE_PREVIEWS = YES;
				GENERATE_INFOPLIST_FILE = YES;
				INFOPLIST_FILE = Mediation/Info.plist;
				INFOPLIST_KEY_UIApplicationSceneManifest_Generation = YES;
				INFOPLIST_KEY_UIApplicationSupportsIndirectInputEvents = YES;
				INFOPLIST_KEY_UILaunchScreen_Generation = YES;
				INFOPLIST_KEY_UISupportedInterfaceOrientations_iPad = "UIInterfaceOrientationPortrait UIInterfaceOrientationPortraitUpsideDown UIInterfaceOrientationLandscapeLeft UIInterfaceOrientationLandscapeRight";
				INFOPLIST_KEY_UISupportedInterfaceOrientations_iPhone = "UIInterfaceOrientationPortrait UIInterfaceOrientationLandscapeLeft UIInterfaceOrientationLandscapeRight";
				LD_RUNPATH_SEARCH_PATHS = (
					"$(inherited)",
					"@executable_path/Frameworks",
				);
				MARKETING_VERSION = 1.0;
				PRODUCT_BUNDLE_IDENTIFIER = none.Mediation;
				PRODUCT_NAME = "$(TARGET_NAME)";
				SWIFT_EMIT_LOC_STRINGS = YES;
				SWIFT_VERSION = 5.0;
				TARGETED_DEVICE_FAMILY = "1,2";
			};
			name = Release;
		};
/* End XCBuildConfiguration section */

/* Begin XCConfigurationList section */
		49E9EDA92C5FDAE1002F86F1 /* Build configuration list for PBXProject "Meditation" */ = {
			isa = XCConfigurationList;
			buildConfigurations = (
				49E9EDBA2C5FDAE4002F86F1 /* Debug */,
				49E9EDBB2C5FDAE4002F86F1 /* Release */,
			);
			defaultConfigurationIsVisible = 0;
			defaultConfigurationName = Release;
		};
		49E9EDBC2C5FDAE4002F86F1 /* Build configuration list for PBXNativeTarget "Meditation" */ = {
			isa = XCConfigurationList;
			buildConfigurations = (
				49E9EDBD2C5FDAE4002F86F1 /* Debug */,
				49E9EDBE2C5FDAE4002F86F1 /* Release */,
			);
			defaultConfigurationIsVisible = 0;
			defaultConfigurationName = Release;
		};
/* End XCConfigurationList section */
	};
	rootObject = 49E9EDA62C5FDAE1002F86F1 /* Project object */;
}
